
Microsoft Visual Studio Solution File, Format Version 12.00
# Visual Studio Version 17
VisualStudioVersion = 17.1.32421.90
MinimumVisualStudioVersion = 10.0.40219.1
Project("{9A19103F-16F7-4668-BE54-9A1E7A4F7556}") = "OtusHomework_8", "OtusHomework_8.csproj", "{CA72B6D8-CE8C-4675-9B91-22BE4B4C12E4}"
EndProject
Global
	GlobalSection(SolutionConfigurationPlatforms) = preSolution
		Debug|Any CPU = Debug|Any CPU
		Release|Any CPU = Release|Any CPU
	EndGlobalSection
	GlobalSection(ProjectConfigurationPlatforms) = postSolution
		{CA72B6D8-CE8C-4675-9B91-22BE4B4C12E4}.Debug|Any CPU.ActiveCfg = Debug|Any CPU
		{CA72B6D8-CE8C-4675-9B91-22BE4B4C12E4}.Debug|Any CPU.Build.0 = Debug|Any CPU
		{CA72B6D8-CE8C-4675-9B91-22BE4B4C12E4}.Release|Any CPU.ActiveCfg = Release|Any CPU
		{CA72B6D8-CE8C-4675-9B91-22BE4B4C12E4}.Release|Any CPU.Build.0 = Release|Any CPU
	EndGlobalSection
	GlobalSection(SolutionProperties) = preSolution
		HideSolutionNode = FALSE
	EndGlobalSection
	GlobalSection(ExtensibilityGlobals) = postSolution
		SolutionGuid = {BDB56B6E-DC57-445F-BF9B-3B3544908122}
	EndGlobalSection
EndGlobal
